
Microsoft Visual Studio Solution File, Format Version 12.00
# Visual Studio Version 17
VisualStudioVersion = 17.8.34525.116
MinimumVisualStudioVersion = 10.0.40219.1
Project("{9A19103F-16F7-4668-BE54-9A1E7A4F7556}") = "too", "too.csproj", "{CB86DA04-1F4D-49E5-9459-DD38A98BF5EE}"
EndProject
Project("{FAE04EC0-301F-11D3-BF4B-00C04F79EFBC}") = "too.Core", "..\too.core\too.Core.csproj", "{9F8D6AEF-7247-40F7-B7AF-42CFAA1F4DB0}"
EndProject
Project("{FAE04EC0-301F-11D3-BF4B-00C04F79EFBC}") = "too.Data", "..\too.Data\too.Data.csproj", "{E1066A61-7D31-4B70-B5D2-AE37096E22D2}"
EndProject
Global
	GlobalSection(SolutionConfigurationPlatforms) = preSolution
		Debug|Any CPU = Debug|Any CPU
		Release|Any CPU = Release|Any CPU
	EndGlobalSection
	GlobalSection(ProjectConfigurationPlatforms) = postSolution
		{CB86DA04-1F4D-49E5-9459-DD38A98BF5EE}.Debug|Any CPU.ActiveCfg = Debug|Any CPU
		{CB86DA04-1F4D-49E5-9459-DD38A98BF5EE}.Debug|Any CPU.Build.0 = Debug|Any CPU
		{CB86DA04-1F4D-49E5-9459-DD38A98BF5EE}.Release|Any CPU.ActiveCfg = Release|Any CPU
		{CB86DA04-1F4D-49E5-9459-DD38A98BF5EE}.Release|Any CPU.Build.0 = Release|Any CPU
		{9F8D6AEF-7247-40F7-B7AF-42CFAA1F4DB0}.Debug|Any CPU.ActiveCfg = Debug|Any CPU
		{9F8D6AEF-7247-40F7-B7AF-42CFAA1F4DB0}.Debug|Any CPU.Build.0 = Debug|Any CPU
		{9F8D6AEF-7247-40F7-B7AF-42CFAA1F4DB0}.Release|Any CPU.ActiveCfg = Release|Any CPU
		{9F8D6AEF-7247-40F7-B7AF-42CFAA1F4DB0}.Release|Any CPU.Build.0 = Release|Any CPU
		{E1066A61-7D31-4B70-B5D2-AE37096E22D2}.Debug|Any CPU.ActiveCfg = Debug|Any CPU
		{E1066A61-7D31-4B70-B5D2-AE37096E22D2}.Debug|Any CPU.Build.0 = Debug|Any CPU
		{E1066A61-7D31-4B70-B5D2-AE37096E22D2}.Release|Any CPU.ActiveCfg = Release|Any CPU
		{E1066A61-7D31-4B70-B5D2-AE37096E22D2}.Release|Any CPU.Build.0 = Release|Any CPU
	EndGlobalSection
	GlobalSection(SolutionProperties) = preSolution
		HideSolutionNode = FALSE
	EndGlobalSection
	GlobalSection(ExtensibilityGlobals) = postSolution
		SolutionGuid = {C0B110AD-F280-4F5D-81BC-D89EAEC838EB}
	EndGlobalSection
EndGlobal
